
Microsoft Visual Studio Solution File, Format Version 12.00
# Visual Studio Version 16
VisualStudioVersion = 16.0.34729.46
MinimumVisualStudioVersion = 10.0.40219.1
Project("{FAE04EC0-301F-11D3-BF4B-00C04F79EFBC}") = "sinav-hazirlik3", "sinav-hazirlik3.csproj", "{9646B1CF-C79A-4449-B812-AFB4882CBD9C}"
EndProject
Global
	GlobalSection(SolutionConfigurationPlatforms) = preSolution
		Debug|Any CPU = Debug|Any CPU
		Release|Any CPU = Release|Any CPU
	EndGlobalSection
	GlobalSection(ProjectConfigurationPlatforms) = postSolution
		{9646B1CF-C79A-4449-B812-AFB4882CBD9C}.Debug|Any CPU.ActiveCfg = Debug|Any CPU
		{9646B1CF-C79A-4449-B812-AFB4882CBD9C}.Debug|Any CPU.Build.0 = Debug|Any CPU
		{9646B1CF-C79A-4449-B812-AFB4882CBD9C}.Release|Any CPU.ActiveCfg = Release|Any CPU
		{9646B1CF-C79A-4449-B812-AFB4882CBD9C}.Release|Any CPU.Build.0 = Release|Any CPU
	EndGlobalSection
	GlobalSection(SolutionProperties) = preSolution
		HideSolutionNode = FALSE
	EndGlobalSection
	GlobalSection(ExtensibilityGlobals) = postSolution
		SolutionGuid = {1E43B077-5492-4D2F-9C38-95428E2DF508}
	EndGlobalSection
EndGlobal
